
Microsoft Visual Studio Solution File, Format Version 12.00
# Visual Studio 15
VisualStudioVersion = 15.0.26403.7
MinimumVisualStudioVersion = 10.0.40219.1
Project("{9A19103F-16F7-4668-BE54-9A1E7A4F7556}") = "FlatMate.Module.Lists", "src\FlatMate.Module.Lists\FlatMate.Module.Lists.csproj", "{717621BC-342D-48A4-82D0-CBBD4BADDC00}"
EndProject
Project("{2150E333-8FDC-42A3-9474-1A3956D46DE8}") = "src", "src", "{CD260236-D649-4D64-97DE-726C230DFCCE}"
EndProject
Project("{2150E333-8FDC-42A3-9474-1A3956D46DE8}") = "test", "test", "{05FFACA0-E9E4-42AC-86BB-F6F9C504DE0C}"
EndProject
Project("{9A19103F-16F7-4668-BE54-9A1E7A4F7556}") = "FlatMate.Module.Lists.Test", "test\FlatMate.Module.Lists.Test\FlatMate.Module.Lists.Test.csproj", "{0008BA40-6361-4AA8-8C34-8462FB1B90B7}"
EndProject
Project("{9A19103F-16F7-4668-BE54-9A1E7A4F7556}") = "FlatMate.Module.Account", "src\FlatMate.Module.Account\FlatMate.Module.Account.csproj", "{AC740866-FA01-4EE5-BE11-7A6417676369}"
EndProject
Project("{9A19103F-16F7-4668-BE54-9A1E7A4F7556}") = "FlatMate.Module.Common", "src\FlatMate.Module.Common\FlatMate.Module.Common.csproj", "{9020B918-3F74-4B6F-9184-26F5D9B36E1F}"
EndProject
Project("{9A19103F-16F7-4668-BE54-9A1E7A4F7556}") = "FlatMate.Api", "src\FlatMate.Api\FlatMate.Api.csproj", "{B32F7F7F-D5CA-4B66-8181-5A34CD9050C2}"
EndProject
Project("{9A19103F-16F7-4668-BE54-9A1E7A4F7556}") = "FlatMate.Module.Account.Test", "test\FlatMate.Module.Account.Test\FlatMate.Module.Account.Test.csproj", "{DDB18365-5B33-4DA6-A4E3-42C595AB082B}"
EndProject
Project("{FAE04EC0-301F-11D3-BF4B-00C04F79EFBC}") = "FlatMate.Web", "src\FlatMate.Web\FlatMate.Web.csproj", "{ABD04A37-B2E3-4E24-98A9-E5B2EA7FFF1B}"
EndProject
Project("{FAE04EC0-301F-11D3-BF4B-00C04F79EFBC}") = "FlatMate.Migration", "src\FlatMate.Migration\FlatMate.Migration.csproj", "{79530FB0-08A4-444E-8528-E7F80291F9CA}"
EndProject
Global
	GlobalSection(SolutionConfigurationPlatforms) = preSolution
		Debug|Any CPU = Debug|Any CPU
		Debug|x64 = Debug|x64
		Debug|x86 = Debug|x86
		Release|Any CPU = Release|Any CPU
		Release|x64 = Release|x64
		Release|x86 = Release|x86
	EndGlobalSection
	GlobalSection(ProjectConfigurationPlatforms) = postSolution
		{717621BC-342D-48A4-82D0-CBBD4BADDC00}.Debug|Any CPU.ActiveCfg = Debug|Any CPU
		{717621BC-342D-48A4-82D0-CBBD4BADDC00}.Debug|Any CPU.Build.0 = Debug|Any CPU
		{717621BC-342D-48A4-82D0-CBBD4BADDC00}.Debug|x64.ActiveCfg = Debug|Any CPU
		{717621BC-342D-48A4-82D0-CBBD4BADDC00}.Debug|x64.Build.0 = Debug|Any CPU
		{717621BC-342D-48A4-82D0-CBBD4BADDC00}.Debug|x86.ActiveCfg = Debug|Any CPU
		{717621BC-342D-48A4-82D0-CBBD4BADDC00}.Debug|x86.Build.0 = Debug|Any CPU
		{717621BC-342D-48A4-82D0-CBBD4BADDC00}.Release|Any CPU.ActiveCfg = Release|Any CPU
		{717621BC-342D-48A4-82D0-CBBD4BADDC00}.Release|Any CPU.Build.0 = Release|Any CPU
		{717621BC-342D-48A4-82D0-CBBD4BADDC00}.Release|x64.ActiveCfg = Release|Any CPU
		{717621BC-342D-48A4-82D0-CBBD4BADDC00}.Release|x64.Build.0 = Release|Any CPU
		{717621BC-342D-48A4-82D0-CBBD4BADDC00}.Release|x86.ActiveCfg = Release|Any CPU
		{717621BC-342D-48A4-82D0-CBBD4BADDC00}.Release|x86.Build.0 = Release|Any CPU
		{0008BA40-6361-4AA8-8C34-8462FB1B90B7}.Debug|Any CPU.ActiveCfg = Debug|Any CPU
		{0008BA40-6361-4AA8-8C34-8462FB1B90B7}.Debug|Any CPU.Build.0 = Debug|Any CPU
		{0008BA40-6361-4AA8-8C34-8462FB1B90B7}.Debug|x64.ActiveCfg = Debug|Any CPU
		{0008BA40-6361-4AA8-8C34-8462FB1B90B7}.Debug|x64.Build.0 = Debug|Any CPU
		{0008BA40-6361-4AA8-8C34-8462FB1B90B7}.Debug|x86.ActiveCfg = Debug|Any CPU
		{0008BA40-6361-4AA8-8C34-8462FB1B90B7}.Debug|x86.Build.0 = Debug|Any CPU
		{0008BA40-6361-4AA8-8C34-8462FB1B90B7}.Release|Any CPU.ActiveCfg = Release|Any CPU
		{0008BA40-6361-4AA8-8C34-8462FB1B90B7}.Release|Any CPU.Build.0 = Release|Any CPU
		{0008BA40-6361-4AA8-8C34-8462FB1B90B7}.Release|x64.ActiveCfg = Release|Any CPU
		{0008BA40-6361-4AA8-8C34-8462FB1B90B7}.Release|x64.Build.0 = Release|Any CPU
		{0008BA40-6361-4AA8-8C34-8462FB1B90B7}.Release|x86.ActiveCfg = Release|Any CPU
		{0008BA40-6361-4AA8-8C34-8462FB1B90B7}.Release|x86.Build.0 = Release|Any CPU
		{AC740866-FA01-4EE5-BE11-7A6417676369}.Debug|Any CPU.ActiveCfg = Debug|Any CPU
		{AC740866-FA01-4EE5-BE11-7A6417676369}.Debug|Any CPU.Build.0 = Debug|Any CPU
		{AC740866-FA01-4EE5-BE11-7A6417676369}.Debug|x64.ActiveCfg = Debug|Any CPU
		{AC740866-FA01-4EE5-BE11-7A6417676369}.Debug|x64.Build.0 = Debug|Any CPU
		{AC740866-FA01-4EE5-BE11-7A6417676369}.Debug|x86.ActiveCfg = Debug|Any CPU
		{AC740866-FA01-4EE5-BE11-7A6417676369}.Debug|x86.Build.0 = Debug|Any CPU
		{AC740866-FA01-4EE5-BE11-7A6417676369}.Release|Any CPU.ActiveCfg = Release|Any CPU
		{AC740866-FA01-4EE5-BE11-7A6417676369}.Release|Any CPU.Build.0 = Release|Any CPU
		{AC740866-FA01-4EE5-BE11-7A6417676369}.Release|x64.ActiveCfg = Release|Any CPU
		{AC740866-FA01-4EE5-BE11-7A6417676369}.Release|x64.Build.0 = Release|Any CPU
		{AC740866-FA01-4EE5-BE11-7A6417676369}.Release|x86.ActiveCfg = Release|Any CPU
		{AC740866-FA01-4EE5-BE11-7A6417676369}.Release|x86.Build.0 = Release|Any CPU
		{9020B918-3F74-4B6F-9184-26F5D9B36E1F}.Debug|Any CPU.ActiveCfg = Debug|Any CPU
		{9020B918-3F74-4B6F-9184-26F5D9B36E1F}.Debug|Any CPU.Build.0 = Debug|Any CPU
		{9020B918-3F74-4B6F-9184-26F5D9B36E1F}.Debug|x64.ActiveCfg = Debug|Any CPU
		{9020B918-3F74-4B6F-9184-26F5D9B36E1F}.Debug|x64.Build.0 = Debug|Any CPU
		{9020B918-3F74-4B6F-9184-26F5D9B36E1F}.Debug|x86.ActiveCfg = Debug|Any CPU
		{9020B918-3F74-4B6F-9184-26F5D9B36E1F}.Debug|x86.Build.0 = Debug|Any CPU
		{9020B918-3F74-4B6F-9184-26F5D9B36E1F}.Release|Any CPU.ActiveCfg = Release|Any CPU
		{9020B918-3F74-4B6F-9184-26F5D9B36E1F}.Release|Any CPU.Build.0 = Release|Any CPU
		{9020B918-3F74-4B6F-9184-26F5D9B36E1F}.Release|x64.ActiveCfg = Release|Any CPU
		{9020B918-3F74-4B6F-9184-26F5D9B36E1F}.Release|x64.Build.0 = Release|Any CPU
		{9020B918-3F74-4B6F-9184-26F5D9B36E1F}.Release|x86.ActiveCfg = Release|Any CPU
		{9020B918-3F74-4B6F-9184-26F5D9B36E1F}.Release|x86.Build.0 = Release|Any CPU
		{B32F7F7F-D5CA-4B66-8181-5A34CD9050C2}.Debug|Any CPU.ActiveCfg = Debug|Any CPU
		{B32F7F7F-D5CA-4B66-8181-5A34CD9050C2}.Debug|Any CPU.Build.0 = Debug|Any CPU
		{B32F7F7F-D5CA-4B66-8181-5A34CD9050C2}.Debug|x64.ActiveCfg = Debug|Any CPU
		{B32F7F7F-D5CA-4B66-8181-5A34CD9050C2}.Debug|x64.Build.0 = Debug|Any CPU
		{B32F7F7F-D5CA-4B66-8181-5A34CD9050C2}.Debug|x86.ActiveCfg = Debug|Any CPU
		{B32F7F7F-D5CA-4B66-8181-5A34CD9050C2}.Debug|x86.Build.0 = Debug|Any CPU
		{B32F7F7F-D5CA-4B66-8181-5A34CD9050C2}.Release|Any CPU.ActiveCfg = Release|Any CPU
		{B32F7F7F-D5CA-4B66-8181-5A34CD9050C2}.Release|Any CPU.Build.0 = Release|Any CPU
		{B32F7F7F-D5CA-4B66-8181-5A34CD9050C2}.Release|x64.ActiveCfg = Release|Any CPU
		{B32F7F7F-D5CA-4B66-8181-5A34CD9050C2}.Release|x64.Build.0 = Release|Any CPU
		{B32F7F7F-D5CA-4B66-8181-5A34CD9050C2}.Release|x86.ActiveCfg = Release|Any CPU
		{B32F7F7F-D5CA-4B66-8181-5A34CD9050C2}.Release|x86.Build.0 = Release|Any CPU
		{DDB18365-5B33-4DA6-A4E3-42C595AB082B}.Debug|Any CPU.ActiveCfg = Debug|Any CPU
		{DDB18365-5B33-4DA6-A4E3-42C595AB082B}.Debug|Any CPU.Build.0 = Debug|Any CPU
		{DDB18365-5B33-4DA6-A4E3-42C595AB082B}.Debug|x64.ActiveCfg = Debug|Any CPU
		{DDB18365-5B33-4DA6-A4E3-42C595AB082B}.Debug|x64.Build.0 = Debug|Any CPU
		{DDB18365-5B33-4DA6-A4E3-42C595AB082B}.Debug|x86.ActiveCfg = Debug|Any CPU
		{DDB18365-5B33-4DA6-A4E3-42C595AB082B}.Debug|x86.Build.0 = Debug|Any CPU
		{DDB18365-5B33-4DA6-A4E3-42C595AB082B}.Release|Any CPU.ActiveCfg = Release|Any CPU
		{DDB18365-5B33-4DA6-A4E3-42C595AB082B}.Release|Any CPU.Build.0 = Release|Any CPU
		{DDB18365-5B33-4DA6-A4E3-42C595AB082B}.Release|x64.ActiveCfg = Release|Any CPU
		{DDB18365-5B33-4DA6-A4E3-42C595AB082B}.Release|x64.Build.0 = Release|Any CPU
		{DDB18365-5B33-4DA6-A4E3-42C595AB082B}.Release|x86.ActiveCfg = Release|Any CPU
		{DDB18365-5B33-4DA6-A4E3-42C595AB082B}.Release|x86.Build.0 = Release|Any CPU
		{ABD04A37-B2E3-4E24-98A9-E5B2EA7FFF1B}.Debug|Any CPU.ActiveCfg = Debug|Any CPU
		{ABD04A37-B2E3-4E24-98A9-E5B2EA7FFF1B}.Debug|Any CPU.Build.0 = Debug|Any CPU
		{ABD04A37-B2E3-4E24-98A9-E5B2EA7FFF1B}.Debug|x64.ActiveCfg = Debug|Any CPU
		{ABD04A37-B2E3-4E24-98A9-E5B2EA7FFF1B}.Debug|x64.Build.0 = Debug|Any CPU
		{ABD04A37-B2E3-4E24-98A9-E5B2EA7FFF1B}.Debug|x86.ActiveCfg = Debug|Any CPU
		{ABD04A37-B2E3-4E24-98A9-E5B2EA7FFF1B}.Debug|x86.Build.0 = Debug|Any CPU
		{ABD04A37-B2E3-4E24-98A9-E5B2EA7FFF1B}.Release|Any CPU.ActiveCfg = Release|Any CPU
		{ABD04A37-B2E3-4E24-98A9-E5B2EA7FFF1B}.Release|Any CPU.Build.0 = Release|Any CPU
		{ABD04A37-B2E3-4E24-98A9-E5B2EA7FFF1B}.Release|x64.ActiveCfg = Release|Any CPU
		{ABD04A37-B2E3-4E24-98A9-E5B2EA7FFF1B}.Release|x64.Build.0 = Release|Any CPU
		{ABD04A37-B2E3-4E24-98A9-E5B2EA7FFF1B}.Release|x86.ActiveCfg = Release|Any CPU
		{ABD04A37-B2E3-4E24-98A9-E5B2EA7FFF1B}.Release|x86.Build.0 = Release|Any CPU
		{79530FB0-08A4-444E-8528-E7F80291F9CA}.Debug|Any CPU.ActiveCfg = Debug|Any CPU
		{79530FB0-08A4-444E-8528-E7F80291F9CA}.Debug|Any CPU.Build.0 = Debug|Any CPU
		{79530FB0-08A4-444E-8528-E7F80291F9CA}.Debug|x64.ActiveCfg = Debug|Any CPU
		{79530FB0-08A4-444E-8528-E7F80291F9CA}.Debug|x64.Build.0 = Debug|Any CPU
		{79530FB0-08A4-444E-8528-E7F80291F9CA}.Debug|x86.ActiveCfg = Debug|Any CPU
		{79530FB0-08A4-444E-8528-E7F80291F9CA}.Debug|x86.Build.0 = Debug|Any CPU
		{79530FB0-08A4-444E-8528-E7F80291F9CA}.Release|Any CPU.ActiveCfg = Release|Any CPU
		{79530FB0-08A4-444E-8528-E7F80291F9CA}.Release|Any CPU.Build.0 = Release|Any CPU
		{79530FB0-08A4-444E-8528-E7F80291F9CA}.Release|x64.ActiveCfg = Release|Any CPU
		{79530FB0-08A4-444E-8528-E7F80291F9CA}.Release|x64.Build.0 = Release|Any CPU
		{79530FB0-08A4-444E-8528-E7F80291F9CA}.Release|x86.ActiveCfg = Release|Any CPU
		{79530FB0-08A4-444E-8528-E7F80291F9CA}.Release|x86.Build.0 = Release|Any CPU
	EndGlobalSection
	GlobalSection(SolutionProperties) = preSolution
		HideSolutionNode = FALSE
	EndGlobalSection
	GlobalSection(NestedProjects) = preSolution
		{717621BC-342D-48A4-82D0-CBBD4BADDC00} = {CD260236-D649-4D64-97DE-726C230DFCCE}
		{0008BA40-6361-4AA8-8C34-8462FB1B90B7} = {05FFACA0-E9E4-42AC-86BB-F6F9C504DE0C}
		{AC740866-FA01-4EE5-BE11-7A6417676369} = {CD260236-D649-4D64-97DE-726C230DFCCE}
		{9020B918-3F74-4B6F-9184-26F5D9B36E1F} = {CD260236-D649-4D64-97DE-726C230DFCCE}
		{B32F7F7F-D5CA-4B66-8181-5A34CD9050C2} = {CD260236-D649-4D64-97DE-726C230DFCCE}
		{DDB18365-5B33-4DA6-A4E3-42C595AB082B} = {05FFACA0-E9E4-42AC-86BB-F6F9C504DE0C}
		{ABD04A37-B2E3-4E24-98A9-E5B2EA7FFF1B} = {CD260236-D649-4D64-97DE-726C230DFCCE}
		{79530FB0-08A4-444E-8528-E7F80291F9CA} = {CD260236-D649-4D64-97DE-726C230DFCCE}
	EndGlobalSection
EndGlobal
